
Microsoft Visual Studio Solution File, Format Version 12.00
# Visual Studio Version 17
VisualStudioVersion = 17.14.36623.8 d17.14
MinimumVisualStudioVersion = 10.0.40219.1
Project("{FAE04EC0-301F-11D3-BF4B-00C04F79EFBC}") = "Techflow", "Techflow.csproj", "{A98A38D8-0515-4FB8-B256-B589893919A8}"
EndProject
Global
	GlobalSection(SolutionConfigurationPlatforms) = preSolution
		Debug|Any CPU = Debug|Any CPU
		Release|Any CPU = Release|Any CPU
	EndGlobalSection
	GlobalSection(ProjectConfigurationPlatforms) = postSolution
		{A98A38D8-0515-4FB8-B256-B589893919A8}.Debug|Any CPU.ActiveCfg = Debug|Any CPU
		{A98A38D8-0515-4FB8-B256-B589893919A8}.Debug|Any CPU.Build.0 = Debug|Any CPU
		{A98A38D8-0515-4FB8-B256-B589893919A8}.Release|Any CPU.ActiveCfg = Release|Any CPU
		{A98A38D8-0515-4FB8-B256-B589893919A8}.Release|Any CPU.Build.0 = Release|Any CPU
	EndGlobalSection
	GlobalSection(SolutionProperties) = preSolution
		HideSolutionNode = FALSE
	EndGlobalSection
	GlobalSection(ExtensibilityGlobals) = postSolution
		SolutionGuid = {3AA92CE2-CADD-4462-951E-80FE6769D318}
	EndGlobalSection
EndGlobal
